{
  "name": "codekit-project",
  "version": "1.0.0",
  "lockfileVersion": 3,
  "requires": true,
  "packages": {
    "": {
      "name": "codekit-project",
      "version": "1.0.0",
      "license": "UNLICENSED",
      "dependencies": {
        "@studio-freight/lenis": "^1.0.33",
        "normalize.css": "^8.0.1"
      }
    },
    "node_modules/@studio-freight/lenis": {
      "version": "1.0.33",
      "resolved": "https://registry.npmjs.org/@studio-freight/lenis/-/lenis-1.0.33.tgz",
      "integrity": "sha512-Pfoimwwsf8oVuneQg3KoigUDlo1S+rE+m2Tz7b+zMNAEi0UAhox+PG/ksLHa8ktQhlsuWODeQFCl8VHBxqOtfw=="
    },
    "node_modules/normalize.css": {
      "version": "8.0.1",
      "resolved": "https://registry.npmjs.org/normalize.css/-/normalize.css-8.0.1.tgz",
      "integrity": "sha512-qizSNPO93t1YUuUhP22btGOo3chcvDFqFaj2TRybP0DMxkHOCTYwp3n34fel4a31ORXy4m1Xq0Gyqpb5m33qIg=="
    }
  }
}
